
Microsoft Visual Studio Solution File, Format Version 12.00
# Visual Studio Version 17
VisualStudioVersion = 17.4.33205.214
MinimumVisualStudioVersion = 10.0.40219.1
Project("{8BC9CEB8-8B4A-11D0-8D11-00A0C91BC942}") = "AutonomousThingCplusplus", "AutonomousThingCplusplus.vcxproj", "{996CFC97-5245-4C93-9226-B855473C516B}"
EndProject
Project("{8BC9CEB8-8B4A-11D0-8D11-00A0C91BC942}") = "UnitTestingAutonomousThingCplusplus", "..\UnitTestingAutonomousThingCplusplus\UnitTestingAutonomousThingCplusplus.vcxproj", "{CD3D0787-9E38-4066-AFFE-CCC6979CEABF}"
EndProject
Global
	GlobalSection(SolutionConfigurationPlatforms) = preSolution
		Debug|x64 = Debug|x64
		Debug|x86 = Debug|x86
		Release|x64 = Release|x64
		Release|x86 = Release|x86
	EndGlobalSection
	GlobalSection(ProjectConfigurationPlatforms) = postSolution
		{996CFC97-5245-4C93-9226-B855473C516B}.Debug|x64.ActiveCfg = Release|x64
		{996CFC97-5245-4C93-9226-B855473C516B}.Debug|x64.Build.0 = Release|x64
		{996CFC97-5245-4C93-9226-B855473C516B}.Debug|x86.ActiveCfg = Release|x64
		{996CFC97-5245-4C93-9226-B855473C516B}.Debug|x86.Build.0 = Release|x64
		{996CFC97-5245-4C93-9226-B855473C516B}.Release|x64.ActiveCfg = Release|x64
		{996CFC97-5245-4C93-9226-B855473C516B}.Release|x64.Build.0 = Release|x64
		{996CFC97-5245-4C93-9226-B855473C516B}.Release|x86.ActiveCfg = Release|Win32
		{996CFC97-5245-4C93-9226-B855473C516B}.Release|x86.Build.0 = Release|Win32
		{CD3D0787-9E38-4066-AFFE-CCC6979CEABF}.Debug|x64.ActiveCfg = Debug|x64
		{CD3D0787-9E38-4066-AFFE-CCC6979CEABF}.Debug|x64.Build.0 = Debug|x64
		{CD3D0787-9E38-4066-AFFE-CCC6979CEABF}.Debug|x86.ActiveCfg = Debug|Win32
		{CD3D0787-9E38-4066-AFFE-CCC6979CEABF}.Debug|x86.Build.0 = Debug|Win32
		{CD3D0787-9E38-4066-AFFE-CCC6979CEABF}.Release|x64.ActiveCfg = Release|x64
		{CD3D0787-9E38-4066-AFFE-CCC6979CEABF}.Release|x64.Build.0 = Release|x64
		{CD3D0787-9E38-4066-AFFE-CCC6979CEABF}.Release|x86.ActiveCfg = Release|Win32
		{CD3D0787-9E38-4066-AFFE-CCC6979CEABF}.Release|x86.Build.0 = Release|Win32
	EndGlobalSection
	GlobalSection(SolutionProperties) = preSolution
		HideSolutionNode = FALSE
	EndGlobalSection
	GlobalSection(ExtensibilityGlobals) = postSolution
		SolutionGuid = {EE12C215-A46D-4886-A364-6F0830141B1C}
	EndGlobalSection
EndGlobal
